
Microsoft Visual Studio Solution File, Format Version 12.00
# Visual Studio 15
VisualStudioVersion = 15.0.28307.271
MinimumVisualStudioVersion = 10.0.40219.1
Project("{FAE04EC0-301F-11D3-BF4B-00C04F79EFBC}") = "ConfigurationJSONData", "ConfigurationJSONData\ConfigurationJSONData.csproj", "{3A3A3C1F-81DE-4538-83B2-73DC0DD56B25}"
EndProject
Global
	GlobalSection(SolutionConfigurationPlatforms) = preSolution
		Debug|Any CPU = Debug|Any CPU
		Release|Any CPU = Release|Any CPU
	EndGlobalSection
	GlobalSection(ProjectConfigurationPlatforms) = postSolution
		{3A3A3C1F-81DE-4538-83B2-73DC0DD56B25}.Debug|Any CPU.ActiveCfg = Debug|Any CPU
		{3A3A3C1F-81DE-4538-83B2-73DC0DD56B25}.Debug|Any CPU.Build.0 = Debug|Any CPU
		{3A3A3C1F-81DE-4538-83B2-73DC0DD56B25}.Release|Any CPU.ActiveCfg = Release|Any CPU
		{3A3A3C1F-81DE-4538-83B2-73DC0DD56B25}.Release|Any CPU.Build.0 = Release|Any CPU
	EndGlobalSection
	GlobalSection(SolutionProperties) = preSolution
		HideSolutionNode = FALSE
	EndGlobalSection
	GlobalSection(ExtensibilityGlobals) = postSolution
		SolutionGuid = {E096D540-FD75-4051-B3C2-897A06A3C643}
	EndGlobalSection
EndGlobal
